
Microsoft Visual Studio Solution File, Format Version 12.00
# Visual Studio Version 17
VisualStudioVersion = 17.5.33516.290
MinimumVisualStudioVersion = 10.0.40219.1
Project("{2150E333-8FDC-42A3-9474-1A3956D46DE8}") = "src", "src", "{4D017FD7-FE74-437E-B609-EDF6B071083F}"
EndProject
Project("{2150E333-8FDC-42A3-9474-1A3956D46DE8}") = "Solution Items", "Solution Items", "{33A4B076-AD97-4FB5-B88B-7710678D981C}"
	ProjectSection(SolutionItems) = preProject
		ServiceUrls.txt = ServiceUrls.txt
	EndProjectSection
EndProject
Project("{2150E333-8FDC-42A3-9474-1A3956D46DE8}") = "ApiGataways", "ApiGataways", "{31FB6807-981D-4A3E-8C56-92A65EBF01E8}"
EndProject
Project("{2150E333-8FDC-42A3-9474-1A3956D46DE8}") = "Services", "Services", "{A0B5B65F-359F-425A-8962-2B134FD9937E}"
EndProject
Project("{2150E333-8FDC-42A3-9474-1A3956D46DE8}") = "BuildingBlocks", "BuildingBlocks", "{6C5D8FDF-51B3-487C-8617-95C9C1DA57EC}"
EndProject
Project("{2150E333-8FDC-42A3-9474-1A3956D46DE8}") = "Clients", "Clients", "{2090F76F-11C0-437C-82BC-587037E49415}"
EndProject
Project("{2150E333-8FDC-42A3-9474-1A3956D46DE8}") = "BlazorWeb", "BlazorWeb", "{54899DF8-640B-45EA-9460-70723E403FC4}"
EndProject
Project("{2150E333-8FDC-42A3-9474-1A3956D46DE8}") = "WebApiGataway", "WebApiGataway", "{C24E610B-E599-4151-84B9-FB098213397A}"
EndProject
Project("{FAE04EC0-301F-11D3-BF4B-00C04F79EFBC}") = "Web.ApiGataway", "src\ApiGataways\WebApiGateway\Web.ApiGataway\Web.ApiGataway.csproj", "{7401CC49-5563-4097-B452-61B80FDC4D73}"
EndProject
Project("{2150E333-8FDC-42A3-9474-1A3956D46DE8}") = "EventBus", "EventBus", "{125E4022-A412-4DCF-BBA9-3EE6F96C897D}"
EndProject
Project("{FAE04EC0-301F-11D3-BF4B-00C04F79EFBC}") = "EventBus.Base", "src\BuildingBlocks\EventBus\EventBus.Base\EventBus.Base.csproj", "{EBB36D84-5A7C-41DE-A431-F97E3600A7B2}"
EndProject
Project("{FAE04EC0-301F-11D3-BF4B-00C04F79EFBC}") = "EventBus.Factory", "src\BuildingBlocks\EventBus\EventBus.Factory\EventBus.Factory.csproj", "{A4EABAAD-E292-4E1E-85BA-F7EE5DD16B5F}"
EndProject
Project("{FAE04EC0-301F-11D3-BF4B-00C04F79EFBC}") = "EventBus.AzureServiceBus", "src\BuildingBlocks\EventBus\EventBus.AzureServiceBus\EventBus.AzureServiceBus.csproj", "{1A520634-CE7B-4253-83C2-626CED13D9E9}"
EndProject
Project("{FAE04EC0-301F-11D3-BF4B-00C04F79EFBC}") = "EventBus.RabbitMQ", "src\BuildingBlocks\EventBus\EventBus.RabbitMQ\EventBus.RabbitMQ.csproj", "{647F7076-D779-425D-8B34-CCD45CDB4705}"
EndProject
Project("{FAE04EC0-301F-11D3-BF4B-00C04F79EFBC}") = "WebApp", "src\Clients\BlazorWeb\WebApp\WebApp.csproj", "{2F885761-9B3C-40D5-BDCF-FEC160F4A83C}"
EndProject
Project("{2150E333-8FDC-42A3-9474-1A3956D46DE8}") = "BasketService", "BasketService", "{4FCFCFD0-5DF7-42D8-A46F-45AA90D4650B}"
EndProject
Project("{FAE04EC0-301F-11D3-BF4B-00C04F79EFBC}") = "BasketService.Api", "src\Services\BasketService\BasketService.Api\BasketService.Api.csproj", "{6AC0AAFA-4D12-4DA1-9364-5EA240467B92}"
EndProject
Project("{2150E333-8FDC-42A3-9474-1A3956D46DE8}") = "CatalogService", "CatalogService", "{3C7B1519-50F5-40D5-88BE-0062C7D147B1}"
EndProject
Project("{FAE04EC0-301F-11D3-BF4B-00C04F79EFBC}") = "CatalogService.Api", "src\Services\CatalogService\CatalogService.Api\CatalogService.Api.csproj", "{F19E9580-BB7D-4357-9E87-4DF30CA9061D}"
EndProject
Project("{2150E333-8FDC-42A3-9474-1A3956D46DE8}") = "IdentityService", "IdentityService", "{37E1B6FB-9EFC-4335-9462-666156C2A8A9}"
EndProject
Project("{FAE04EC0-301F-11D3-BF4B-00C04F79EFBC}") = "IdentityService.Api", "src\Services\IdentityService\IdentityService.Api\IdentityService.Api.csproj", "{4E76AD37-2AE6-4B1E-9A31-0818E248B260}"
EndProject
Project("{2150E333-8FDC-42A3-9474-1A3956D46DE8}") = "NotificationService", "NotificationService", "{F598BA6A-3063-4BD9-851A-C8F80176411B}"
EndProject
Project("{FAE04EC0-301F-11D3-BF4B-00C04F79EFBC}") = "NotificationService", "src\Services\NotificationService\NotificationService\NotificationService.csproj", "{F819C95D-17D3-4711-B37D-15E11365448F}"
EndProject
Project("{2150E333-8FDC-42A3-9474-1A3956D46DE8}") = "OrderService", "OrderService", "{CFEC52C1-C9BE-4EB8-BD6B-2A53D83B11FB}"
EndProject
Project("{FAE04EC0-301F-11D3-BF4B-00C04F79EFBC}") = "OrderService.Domain", "src\Services\OrderService\OrderService.Domain\OrderService.Domain.csproj", "{96465026-E312-4384-988C-6E001F34C916}"
EndProject
Project("{FAE04EC0-301F-11D3-BF4B-00C04F79EFBC}") = "OrderService.Application", "src\Services\OrderService\OrderService.Application\OrderService.Application.csproj", "{98244F43-ADA2-475F-9C5B-EC9D588B1DA6}"
EndProject
Project("{FAE04EC0-301F-11D3-BF4B-00C04F79EFBC}") = "OrderService.InfraStructure", "src\Services\OrderService\OrderService.InfraStructure\OrderService.InfraStructure.csproj", "{7C8F47CB-9C9A-49BB-938C-440586B71488}"
EndProject
Project("{FAE04EC0-301F-11D3-BF4B-00C04F79EFBC}") = "OrderService.Api", "src\Services\OrderService\OrderService.Api\OrderService.Api.csproj", "{38ED5524-1FED-43C5-8D07-2522188ED412}"
EndProject
Project("{2150E333-8FDC-42A3-9474-1A3956D46DE8}") = "PaymentService", "PaymentService", "{9F4F3FF5-10C9-42CB-8870-3B7A597D196C}"
EndProject
Project("{FAE04EC0-301F-11D3-BF4B-00C04F79EFBC}") = "PaymentService.Api", "src\Services\PaymentService\PaymentService.Api\PaymentService.Api.csproj", "{583880DF-53DA-4F36-9AA8-F067EF7281A3}"
EndProject
Global
	GlobalSection(SolutionConfigurationPlatforms) = preSolution
		Debug|Any CPU = Debug|Any CPU
		Release|Any CPU = Release|Any CPU
	EndGlobalSection
	GlobalSection(ProjectConfigurationPlatforms) = postSolution
		{7401CC49-5563-4097-B452-61B80FDC4D73}.Debug|Any CPU.ActiveCfg = Debug|Any CPU
		{7401CC49-5563-4097-B452-61B80FDC4D73}.Debug|Any CPU.Build.0 = Debug|Any CPU
		{7401CC49-5563-4097-B452-61B80FDC4D73}.Release|Any CPU.ActiveCfg = Release|Any CPU
		{7401CC49-5563-4097-B452-61B80FDC4D73}.Release|Any CPU.Build.0 = Release|Any CPU
		{EBB36D84-5A7C-41DE-A431-F97E3600A7B2}.Debug|Any CPU.ActiveCfg = Debug|Any CPU
		{EBB36D84-5A7C-41DE-A431-F97E3600A7B2}.Debug|Any CPU.Build.0 = Debug|Any CPU
		{EBB36D84-5A7C-41DE-A431-F97E3600A7B2}.Release|Any CPU.ActiveCfg = Release|Any CPU
		{EBB36D84-5A7C-41DE-A431-F97E3600A7B2}.Release|Any CPU.Build.0 = Release|Any CPU
		{A4EABAAD-E292-4E1E-85BA-F7EE5DD16B5F}.Debug|Any CPU.ActiveCfg = Debug|Any CPU
		{A4EABAAD-E292-4E1E-85BA-F7EE5DD16B5F}.Debug|Any CPU.Build.0 = Debug|Any CPU
		{A4EABAAD-E292-4E1E-85BA-F7EE5DD16B5F}.Release|Any CPU.ActiveCfg = Release|Any CPU
		{A4EABAAD-E292-4E1E-85BA-F7EE5DD16B5F}.Release|Any CPU.Build.0 = Release|Any CPU
		{1A520634-CE7B-4253-83C2-626CED13D9E9}.Debug|Any CPU.ActiveCfg = Debug|Any CPU
		{1A520634-CE7B-4253-83C2-626CED13D9E9}.Debug|Any CPU.Build.0 = Debug|Any CPU
		{1A520634-CE7B-4253-83C2-626CED13D9E9}.Release|Any CPU.ActiveCfg = Release|Any CPU
		{1A520634-CE7B-4253-83C2-626CED13D9E9}.Release|Any CPU.Build.0 = Release|Any CPU
		{647F7076-D779-425D-8B34-CCD45CDB4705}.Debug|Any CPU.ActiveCfg = Debug|Any CPU
		{647F7076-D779-425D-8B34-CCD45CDB4705}.Debug|Any CPU.Build.0 = Debug|Any CPU
		{647F7076-D779-425D-8B34-CCD45CDB4705}.Release|Any CPU.ActiveCfg = Release|Any CPU
		{647F7076-D779-425D-8B34-CCD45CDB4705}.Release|Any CPU.Build.0 = Release|Any CPU
		{2F885761-9B3C-40D5-BDCF-FEC160F4A83C}.Debug|Any CPU.ActiveCfg = Debug|Any CPU
		{2F885761-9B3C-40D5-BDCF-FEC160F4A83C}.Debug|Any CPU.Build.0 = Debug|Any CPU
		{2F885761-9B3C-40D5-BDCF-FEC160F4A83C}.Release|Any CPU.ActiveCfg = Release|Any CPU
		{2F885761-9B3C-40D5-BDCF-FEC160F4A83C}.Release|Any CPU.Build.0 = Release|Any CPU
		{6AC0AAFA-4D12-4DA1-9364-5EA240467B92}.Debug|Any CPU.ActiveCfg = Debug|Any CPU
		{6AC0AAFA-4D12-4DA1-9364-5EA240467B92}.Debug|Any CPU.Build.0 = Debug|Any CPU
		{6AC0AAFA-4D12-4DA1-9364-5EA240467B92}.Release|Any CPU.ActiveCfg = Release|Any CPU
		{6AC0AAFA-4D12-4DA1-9364-5EA240467B92}.Release|Any CPU.Build.0 = Release|Any CPU
		{F19E9580-BB7D-4357-9E87-4DF30CA9061D}.Debug|Any CPU.ActiveCfg = Debug|Any CPU
		{F19E9580-BB7D-4357-9E87-4DF30CA9061D}.Debug|Any CPU.Build.0 = Debug|Any CPU
		{F19E9580-BB7D-4357-9E87-4DF30CA9061D}.Release|Any CPU.ActiveCfg = Release|Any CPU
		{F19E9580-BB7D-4357-9E87-4DF30CA9061D}.Release|Any CPU.Build.0 = Release|Any CPU
		{4E76AD37-2AE6-4B1E-9A31-0818E248B260}.Debug|Any CPU.ActiveCfg = Debug|Any CPU
		{4E76AD37-2AE6-4B1E-9A31-0818E248B260}.Debug|Any CPU.Build.0 = Debug|Any CPU
		{4E76AD37-2AE6-4B1E-9A31-0818E248B260}.Release|Any CPU.ActiveCfg = Release|Any CPU
		{4E76AD37-2AE6-4B1E-9A31-0818E248B260}.Release|Any CPU.Build.0 = Release|Any CPU
		{F819C95D-17D3-4711-B37D-15E11365448F}.Debug|Any CPU.ActiveCfg = Debug|Any CPU
		{F819C95D-17D3-4711-B37D-15E11365448F}.Debug|Any CPU.Build.0 = Debug|Any CPU
		{F819C95D-17D3-4711-B37D-15E11365448F}.Release|Any CPU.ActiveCfg = Release|Any CPU
		{F819C95D-17D3-4711-B37D-15E11365448F}.Release|Any CPU.Build.0 = Release|Any CPU
		{96465026-E312-4384-988C-6E001F34C916}.Debug|Any CPU.ActiveCfg = Debug|Any CPU
		{96465026-E312-4384-988C-6E001F34C916}.Debug|Any CPU.Build.0 = Debug|Any CPU
		{96465026-E312-4384-988C-6E001F34C916}.Release|Any CPU.ActiveCfg = Release|Any CPU
		{96465026-E312-4384-988C-6E001F34C916}.Release|Any CPU.Build.0 = Release|Any CPU
		{98244F43-ADA2-475F-9C5B-EC9D588B1DA6}.Debug|Any CPU.ActiveCfg = Debug|Any CPU
		{98244F43-ADA2-475F-9C5B-EC9D588B1DA6}.Debug|Any CPU.Build.0 = Debug|Any CPU
		{98244F43-ADA2-475F-9C5B-EC9D588B1DA6}.Release|Any CPU.ActiveCfg = Release|Any CPU
		{98244F43-ADA2-475F-9C5B-EC9D588B1DA6}.Release|Any CPU.Build.0 = Release|Any CPU
		{7C8F47CB-9C9A-49BB-938C-440586B71488}.Debug|Any CPU.ActiveCfg = Debug|Any CPU
		{7C8F47CB-9C9A-49BB-938C-440586B71488}.Debug|Any CPU.Build.0 = Debug|Any CPU
		{7C8F47CB-9C9A-49BB-938C-440586B71488}.Release|Any CPU.ActiveCfg = Release|Any CPU
		{7C8F47CB-9C9A-49BB-938C-440586B71488}.Release|Any CPU.Build.0 = Release|Any CPU
		{38ED5524-1FED-43C5-8D07-2522188ED412}.Debug|Any CPU.ActiveCfg = Debug|Any CPU
		{38ED5524-1FED-43C5-8D07-2522188ED412}.Debug|Any CPU.Build.0 = Debug|Any CPU
		{38ED5524-1FED-43C5-8D07-2522188ED412}.Release|Any CPU.ActiveCfg = Release|Any CPU
		{38ED5524-1FED-43C5-8D07-2522188ED412}.Release|Any CPU.Build.0 = Release|Any CPU
		{583880DF-53DA-4F36-9AA8-F067EF7281A3}.Debug|Any CPU.ActiveCfg = Debug|Any CPU
		{583880DF-53DA-4F36-9AA8-F067EF7281A3}.Debug|Any CPU.Build.0 = Debug|Any CPU
		{583880DF-53DA-4F36-9AA8-F067EF7281A3}.Release|Any CPU.ActiveCfg = Release|Any CPU
		{583880DF-53DA-4F36-9AA8-F067EF7281A3}.Release|Any CPU.Build.0 = Release|Any CPU
	EndGlobalSection
	GlobalSection(SolutionProperties) = preSolution
		HideSolutionNode = FALSE
	EndGlobalSection
	GlobalSection(NestedProjects) = preSolution
		{31FB6807-981D-4A3E-8C56-92A65EBF01E8} = {4D017FD7-FE74-437E-B609-EDF6B071083F}
		{A0B5B65F-359F-425A-8962-2B134FD9937E} = {4D017FD7-FE74-437E-B609-EDF6B071083F}
		{6C5D8FDF-51B3-487C-8617-95C9C1DA57EC} = {4D017FD7-FE74-437E-B609-EDF6B071083F}
		{2090F76F-11C0-437C-82BC-587037E49415} = {4D017FD7-FE74-437E-B609-EDF6B071083F}
		{54899DF8-640B-45EA-9460-70723E403FC4} = {2090F76F-11C0-437C-82BC-587037E49415}
		{C24E610B-E599-4151-84B9-FB098213397A} = {31FB6807-981D-4A3E-8C56-92A65EBF01E8}
		{7401CC49-5563-4097-B452-61B80FDC4D73} = {C24E610B-E599-4151-84B9-FB098213397A}
		{125E4022-A412-4DCF-BBA9-3EE6F96C897D} = {6C5D8FDF-51B3-487C-8617-95C9C1DA57EC}
		{EBB36D84-5A7C-41DE-A431-F97E3600A7B2} = {125E4022-A412-4DCF-BBA9-3EE6F96C897D}
		{A4EABAAD-E292-4E1E-85BA-F7EE5DD16B5F} = {125E4022-A412-4DCF-BBA9-3EE6F96C897D}
		{1A520634-CE7B-4253-83C2-626CED13D9E9} = {125E4022-A412-4DCF-BBA9-3EE6F96C897D}
		{647F7076-D779-425D-8B34-CCD45CDB4705} = {125E4022-A412-4DCF-BBA9-3EE6F96C897D}
		{2F885761-9B3C-40D5-BDCF-FEC160F4A83C} = {54899DF8-640B-45EA-9460-70723E403FC4}
		{4FCFCFD0-5DF7-42D8-A46F-45AA90D4650B} = {A0B5B65F-359F-425A-8962-2B134FD9937E}
		{6AC0AAFA-4D12-4DA1-9364-5EA240467B92} = {4FCFCFD0-5DF7-42D8-A46F-45AA90D4650B}
		{3C7B1519-50F5-40D5-88BE-0062C7D147B1} = {A0B5B65F-359F-425A-8962-2B134FD9937E}
		{F19E9580-BB7D-4357-9E87-4DF30CA9061D} = {3C7B1519-50F5-40D5-88BE-0062C7D147B1}
		{37E1B6FB-9EFC-4335-9462-666156C2A8A9} = {A0B5B65F-359F-425A-8962-2B134FD9937E}
		{4E76AD37-2AE6-4B1E-9A31-0818E248B260} = {37E1B6FB-9EFC-4335-9462-666156C2A8A9}
		{F598BA6A-3063-4BD9-851A-C8F80176411B} = {A0B5B65F-359F-425A-8962-2B134FD9937E}
		{F819C95D-17D3-4711-B37D-15E11365448F} = {F598BA6A-3063-4BD9-851A-C8F80176411B}
		{CFEC52C1-C9BE-4EB8-BD6B-2A53D83B11FB} = {A0B5B65F-359F-425A-8962-2B134FD9937E}
		{96465026-E312-4384-988C-6E001F34C916} = {CFEC52C1-C9BE-4EB8-BD6B-2A53D83B11FB}
		{98244F43-ADA2-475F-9C5B-EC9D588B1DA6} = {CFEC52C1-C9BE-4EB8-BD6B-2A53D83B11FB}
		{7C8F47CB-9C9A-49BB-938C-440586B71488} = {CFEC52C1-C9BE-4EB8-BD6B-2A53D83B11FB}
		{38ED5524-1FED-43C5-8D07-2522188ED412} = {CFEC52C1-C9BE-4EB8-BD6B-2A53D83B11FB}
		{9F4F3FF5-10C9-42CB-8870-3B7A597D196C} = {A0B5B65F-359F-425A-8962-2B134FD9937E}
		{583880DF-53DA-4F36-9AA8-F067EF7281A3} = {9F4F3FF5-10C9-42CB-8870-3B7A597D196C}
	EndGlobalSection
	GlobalSection(ExtensibilityGlobals) = postSolution
		SolutionGuid = {DF7C28E8-FB2D-433C-85DC-5A75A09AFE8D}
	EndGlobalSection
EndGlobal
